
Microsoft Visual Studio Solution File, Format Version 12.00
# Visual Studio 2013
VisualStudioVersion = 12.0.21005.1
MinimumVisualStudioVersion = 10.0.40219.1
Project("{FAE04EC0-301F-11D3-BF4B-00C04F79EFBC}") = "Monopoly", "Monopoly\Monopoly.csproj", "{08C6C956-8A53-43A1-85D4-C6F4DE311AA1}"
EndProject
Project("{FAE04EC0-301F-11D3-BF4B-00C04F79EFBC}") = "MonopolyUnitTests", "MonopolyUnitTests\MonopolyUnitTests.csproj", "{A4F2F46F-A8A2-4AF5-A659-2F088AB0CB2D}"
EndProject
Project("{2150E333-8FDC-42A3-9474-1A3956D46DE8}") = ".nuget", ".nuget", "{C1D02147-2934-41C8-9AC8-B3DE886DC1AB}"
	ProjectSection(SolutionItems) = preProject
		.nuget\packages.config = .nuget\packages.config
	EndProjectSection
EndProject
Global
	GlobalSection(SolutionConfigurationPlatforms) = preSolution
		Debug|Any CPU = Debug|Any CPU
		Release|Any CPU = Release|Any CPU
	EndGlobalSection
	GlobalSection(ProjectConfigurationPlatforms) = postSolution
		{08C6C956-8A53-43A1-85D4-C6F4DE311AA1}.Debug|Any CPU.ActiveCfg = Debug|Any CPU
		{08C6C956-8A53-43A1-85D4-C6F4DE311AA1}.Debug|Any CPU.Build.0 = Debug|Any CPU
		{08C6C956-8A53-43A1-85D4-C6F4DE311AA1}.Release|Any CPU.ActiveCfg = Release|Any CPU
		{08C6C956-8A53-43A1-85D4-C6F4DE311AA1}.Release|Any CPU.Build.0 = Release|Any CPU
		{A4F2F46F-A8A2-4AF5-A659-2F088AB0CB2D}.Debug|Any CPU.ActiveCfg = Debug|Any CPU
		{A4F2F46F-A8A2-4AF5-A659-2F088AB0CB2D}.Debug|Any CPU.Build.0 = Debug|Any CPU
		{A4F2F46F-A8A2-4AF5-A659-2F088AB0CB2D}.Release|Any CPU.ActiveCfg = Release|Any CPU
		{A4F2F46F-A8A2-4AF5-A659-2F088AB0CB2D}.Release|Any CPU.Build.0 = Release|Any CPU
	EndGlobalSection
	GlobalSection(SolutionProperties) = preSolution
		HideSolutionNode = FALSE
	EndGlobalSection
EndGlobal
